{"1.2.0",
[{<<"erlang_ds">>,{pkg,<<"erlang_ds">>,<<"0.4.1">>},0},
 {<<"meck">>,{pkg,<<"meck">>,<<"0.9.2">>},1},
 {<<"mutagen">>,{pkg,<<"mutagen">>,<<"0.1.0">>},1},
 {<<"nitro_cache">>,{pkg,<<"nitro_cache">>,<<"0.5.0">>},0},
 {<<"rebar3_dirs">>,{pkg,<<"rebar3_dirs">>,<<"0.1.0">>},1}]}.
[
{pkg_hash,[
 {<<"erlang_ds">>, <<"5181B1EB2D0483BBEA342C63855291F853EE85A66FC9BED9FD93A5BAEB1B8016">>},
 {<<"meck">>, <<"85CCBAB053F1DB86C7CA240E9FC718170EE5BDA03810A6292B5306BF31BAE5F5">>},
 {<<"mutagen">>, <<"18EFF9F0E6C570F278ABFC6255D4674D0FD3F9A84D3749BE60F473F4124A9055">>},
 {<<"nitro_cache">>, <<"704E4893B4EB537342C561908BE8EB022E8AAABB16A914B702568F7958EC2945">>},
 {<<"rebar3_dirs">>, <<"2CE245B69309A43FCFCC902B739F678257F1AB7A78BD6CFA923BB652C316D879">>}]},
{pkg_hash_ext,[
 {<<"erlang_ds">>, <<"727CE7FE6CB1C9C02E05E9F8905C566ABDB519AB196E96BF9C192148ACCDA266">>},
 {<<"meck">>, <<"81344F561357DC40A8344AFA53767C32669153355B626EA9FCBC8DA6B3045826">>},
 {<<"mutagen">>, <<"59F25DF87A6F99B605A96F2338983631A8186B5B28988739D6B880C2D86DF72E">>},
 {<<"nitro_cache">>, <<"9AC03DFEA58CC9C6B329A6E42B3A64663D2A23D1B8E227B557E0CE1EDF872E7F">>},
 {<<"rebar3_dirs">>, <<"1B9FFAC770AF4CF77945ED4DAD22FF30BD999514765B5CCA11C7E5580CDB6720">>}]}
].
